
Microsoft Visual Studio Solution File, Format Version 12.00
# Visual Studio 15
VisualStudioVersion = 15.0.28307.645
MinimumVisualStudioVersion = 10.0.40219.1
Project("{8BC9CEB8-8B4A-11D0-8D11-00A0C91BC942}") = "ConsoleApplication7", "ConsoleApplication7\ConsoleApplication7.vcxproj", "{FED8A3FB-A5D6-468F-8DC9-CBDD97A4FF06}"
EndProject
Global
	GlobalSection(SolutionConfigurationPlatforms) = preSolution
		Debug|x64 = Debug|x64
		Debug|x86 = Debug|x86
		Release|x64 = Release|x64
		Release|x86 = Release|x86
	EndGlobalSection
	GlobalSection(ProjectConfigurationPlatforms) = postSolution
		{FED8A3FB-A5D6-468F-8DC9-CBDD97A4FF06}.Debug|x64.ActiveCfg = Debug|x64
		{FED8A3FB-A5D6-468F-8DC9-CBDD97A4FF06}.Debug|x64.Build.0 = Debug|x64
		{FED8A3FB-A5D6-468F-8DC9-CBDD97A4FF06}.Debug|x86.ActiveCfg = Debug|Win32
		{FED8A3FB-A5D6-468F-8DC9-CBDD97A4FF06}.Debug|x86.Build.0 = Debug|Win32
		{FED8A3FB-A5D6-468F-8DC9-CBDD97A4FF06}.Release|x64.ActiveCfg = Release|x64
		{FED8A3FB-A5D6-468F-8DC9-CBDD97A4FF06}.Release|x64.Build.0 = Release|x64
		{FED8A3FB-A5D6-468F-8DC9-CBDD97A4FF06}.Release|x86.ActiveCfg = Release|Win32
		{FED8A3FB-A5D6-468F-8DC9-CBDD97A4FF06}.Release|x86.Build.0 = Release|Win32
	EndGlobalSection
	GlobalSection(SolutionProperties) = preSolution
		HideSolutionNode = FALSE
	EndGlobalSection
	GlobalSection(ExtensibilityGlobals) = postSolution
		SolutionGuid = {41F4A9EC-AE09-4402-8A11-F920199E86FA}
	EndGlobalSection
EndGlobal
